{
  "name": "jxtreehousecode",
  "version": "1.0.0",
  "lockfileVersion": 1,
  "requires": true,
  "dependencies": {
    "eslint": {
      "version": "4.19.1",
      "resolved": "http://registry.npm.taobao.org/eslint/download/eslint-4.19.1.tgz",
      "dev": true,
      "requires": {
        "minimatch": "^3.0.2"
      },
      "dependencies": {
        "ajv": {
          "version": "http://registry.npm.taobao.org/ajv/download/ajv-5.5.2.tgz"
        },
        "babel-code-frame": {
          "version": "http://registry.npm.taobao.org/babel-code-frame/download/babel-code-frame-6.26.0.tgz"
        },
        "chalk": {
          "version": "http://registry.npm.taobao.org/chalk/download/chalk-2.4.0.tgz",
          "dependencies": {
            "ansi-styles": {
              "version": "http://registry.npm.taobao.org/ansi-styles/download/ansi-styles-3.2.1.tgz"
            },
            "escape-string-regexp": {
              "version": "http://registry.npm.taobao.org/escape-string-regexp/download/escape-string-regexp-1.0.5.tgz"
            },
            "supports-color": {
              "version": "http://registry.npm.taobao.org/supports-color/download/supports-color-5.4.0.tgz"
            }
          }
        },
        "concat-stream": {
          "version": "http://registry.npm.taobao.org/concat-stream/download/concat-stream-1.6.2.tgz"
        },
        "cross-spawn": {
          "version": "http://registry.npm.taobao.org/cross-spawn/download/cross-spawn-5.1.0.tgz"
        },
        "debug": {
          "version": "http://registry.npm.taobao.org/debug/download/debug-3.1.0.tgz"
        },
        "doctrine": {
          "version": "http://registry.npm.taobao.org/doctrine/download/doctrine-2.1.0.tgz"
        },
        "eslint-scope": {
          "version": "http://registry.npm.taobao.org/eslint-scope/download/eslint-scope-3.7.1.tgz"
        },
        "eslint-visitor-keys": {
          "version": "http://registry.npm.taobao.org/eslint-visitor-keys/download/eslint-visitor-keys-1.0.0.tgz"
        },
        "espree": {
          "version": "http://registry.npm.taobao.org/espree/download/espree-3.5.4.tgz"
        },
        "esquery": {
          "version": "http://registry.npm.taobao.org/esquery/download/esquery-1.0.1.tgz"
        },
        "esutils": {
          "version": "http://registry.npm.taobao.org/esutils/download/esutils-2.0.2.tgz"
        },
        "file-entry-cache": {
          "version": "http://registry.npm.taobao.org/file-entry-cache/download/file-entry-cache-2.0.0.tgz"
        },
        "functional-red-black-tree": {
          "version": "http://registry.npm.taobao.org/functional-red-black-tree/download/functional-red-black-tree-1.0.1.tgz"
        },
        "glob": {
          "version": "http://registry.npm.taobao.org/glob/download/glob-7.1.2.tgz",
          "dependencies": {
            "fs.realpath": {
              "version": "http://registry.npm.taobao.org/fs.realpath/download/fs.realpath-1.0.0.tgz"
            },
            "inflight": {
              "version": "http://registry.npm.taobao.org/inflight/download/inflight-1.0.6.tgz"
            },
            "inherits": {
              "version": "http://registry.npm.taobao.org/inherits/download/inherits-2.0.3.tgz"
            },
            "minimatch": {
              "version": "http://registry.npm.taobao.org/minimatch/download/minimatch-3.0.4.tgz"
            },
            "once": {
              "version": "http://registry.npm.taobao.org/once/download/once-1.4.0.tgz",
              "dependencies": {
                "wrappy": {
                  "version": "http://registry.npm.taobao.org/wrappy/download/wrappy-1.0.2.tgz"
                }
              }
            },
            "path-is-absolute": {
              "version": "http://registry.npm.taobao.org/path-is-absolute/download/path-is-absolute-1.0.1.tgz"
            }
          }
        },
        "globals": {
          "version": "http://registry.npm.taobao.org/globals/download/globals-11.4.0.tgz"
        },
        "ignore": {
          "version": "http://registry.npm.taobao.org/ignore/download/ignore-3.3.7.tgz"
        },
        "imurmurhash": {
          "version": "http://registry.npm.taobao.org/imurmurhash/download/imurmurhash-0.1.4.tgz"
        },
        "inquirer": {
          "version": "http://registry.npm.taobao.org/inquirer/download/inquirer-3.3.0.tgz"
        },
        "is-resolvable": {
          "version": "http://registry.npm.taobao.org/is-resolvable/download/is-resolvable-1.1.0.tgz"
        },
        "js-yaml": {
          "version": "http://registry.npm.taobao.org/js-yaml/download/js-yaml-3.11.0.tgz"
        },
        "json-stable-stringify-without-jsonify": {
          "version": "http://registry.npm.taobao.org/json-stable-stringify-without-jsonify/download/json-stable-stringify-without-jsonify-1.0.1.tgz"
        },
        "levn": {
          "version": "http://registry.npm.taobao.org/levn/download/levn-0.3.0.tgz"
        },
        "lodash": {
          "version": "http://registry.npm.taobao.org/lodash/download/lodash-4.17.5.tgz"
        },
        "minimatch": {
          "version": "http://registry.npm.taobao.org/minimatch/download/minimatch-3.0.4.tgz",
          "dependencies": {
            "brace-expansion": {
              "version": "http://registry.npm.taobao.org/brace-expansion/download/brace-expansion-1.1.11.tgz",
              "bundled": true
            }
          }
        },
        "mkdirp": {
          "version": "http://registry.npm.taobao.org/mkdirp/download/mkdirp-0.5.1.tgz",
          "dependencies": {
            "minimist": {
              "version": "http://registry.npm.taobao.org/minimist/download/minimist-0.0.8.tgz",
              "bundled": true
            }
          }
        },
        "natural-compare": {
          "version": "http://registry.npm.taobao.org/natural-compare/download/natural-compare-1.4.0.tgz"
        },
        "optionator": {
          "version": "http://registry.npm.taobao.org/optionator/download/optionator-0.8.2.tgz"
        },
        "path-is-inside": {
          "version": "http://registry.npm.taobao.org/path-is-inside/download/path-is-inside-1.0.2.tgz"
        },
        "pluralize": {
          "version": "http://registry.npm.taobao.org/pluralize/download/pluralize-7.0.0.tgz"
        },
        "progress": {
          "version": "http://registry.npm.taobao.org/progress/download/progress-2.0.0.tgz"
        },
        "regexpp": {
          "version": "http://registry.npm.taobao.org/regexpp/download/regexpp-1.1.0.tgz"
        },
        "require-uncached": {
          "version": "http://registry.npm.taobao.org/require-uncached/download/require-uncached-1.0.3.tgz"
        },
        "semver": {
          "version": "http://registry.npm.taobao.org/semver/download/semver-5.5.0.tgz"
        },
        "strip-ansi": {
          "version": "http://registry.npm.taobao.org/strip-ansi/download/strip-ansi-4.0.0.tgz",
          "dependencies": {
            "ansi-regex": {
              "version": "http://registry.npm.taobao.org/ansi-regex/download/ansi-regex-3.0.0.tgz",
              "bundled": true
            }
          }
        },
        "strip-json-comments": {
          "version": "http://registry.npm.taobao.org/strip-json-comments/download/strip-json-comments-2.0.1.tgz"
        },
        "table": {
          "version": "http://registry.npm.taobao.org/table/download/table-4.0.2.tgz"
        },
        "text-table": {
          "version": "http://registry.npm.taobao.org/text-table/download/text-table-0.2.0.tgz"
        }
      }
    },
    "estree-walker": {
      "version": "0.2.1",
      "resolved": "https://registry.npmjs.org/estree-walker/-/estree-walker-0.2.1.tgz",
      "integrity": "sha1-va/oCVOD2EFNXcLs9MkXO225QS4=",
      "dev": true
    },
    "jsesc": {
      "version": "2.5.1",
      "resolved": "https://registry.npmjs.org/jsesc/-/jsesc-2.5.1.tgz",
      "integrity": "sha1-5CGiqOINawgZ3yiQj3glJrlt0f4=",
      "dev": true
    },
    "magic-string": {
      "version": "0.15.2",
      "resolved": "https://registry.npmjs.org/magic-string/-/magic-string-0.15.2.tgz",
      "integrity": "sha1-BoHXOIdBu8Ot2qZQYJkmJMbAnpw=",
      "dev": true,
      "requires": {
        "vlq": "^0.2.1"
      }
    },
    "minimatch": {
      "version": "3.0.4",
      "resolved": "http://registry.npm.taobao.org/minimatch/download/minimatch-3.0.4.tgz",
      "dev": true,
      "dependencies": {
        "brace-expansion": {
          "version": "http://registry.npm.taobao.org/brace-expansion/download/brace-expansion-1.1.11.tgz",
          "bundled": true
        }
      }
    },
    "package-preamble": {
      "version": "0.1.0",
      "resolved": "http://registry.npm.taobao.org/package-preamble/download/package-preamble-0.1.0.tgz",
      "dev": true
    },
    "rollup": {
      "version": "0.58.2",
      "resolved": "http://registry.npm.taobao.org/rollup/download/rollup-0.58.2.tgz",
      "dev": true,
      "dependencies": {
        "@types/estree": {
          "version": "http://registry.npm.taobao.org/@types/estree/download/@types/estree-0.0.38.tgz",
          "bundled": true
        },
        "@types/node": {
          "version": "http://registry.npm.taobao.org/@types/node/download/@types/node-9.6.6.tgz",
          "bundled": true
        }
      }
    },
    "rollup-plugin-ascii": {
      "version": "0.0.3",
      "resolved": "https://registry.npmjs.org/rollup-plugin-ascii/-/rollup-plugin-ascii-0.0.3.tgz",
      "integrity": "sha1-IFem1lwAVz0cpbJknOTlMbBCzec=",
      "dev": true,
      "requires": {
        "acorn": "^3.2.0",
        "estree-walker": "^0.2.1",
        "jsesc": "^2.2.0",
        "magic-string": "^0.15.1",
        "rollup-pluginutils": "^1.5.0"
      },
      "dependencies": {
        "acorn": {
          "version": "3.3.0",
          "resolved": "https://registry.npmjs.org/acorn/-/acorn-3.3.0.tgz",
          "integrity": "sha1-ReN/s56No/JbruP/U2niu18iAXo=",
          "dev": true
        }
      }
    },
    "rollup-pluginutils": {
      "version": "1.5.2",
      "resolved": "https://registry.npmjs.org/rollup-pluginutils/-/rollup-pluginutils-1.5.2.tgz",
      "integrity": "sha1-HhVud4+UtyVb+hs9AXi+j1xVJAg=",
      "dev": true,
      "requires": {
        "estree-walker": "^0.2.1",
        "minimatch": "^3.0.2"
      }
    },
    "tape": {
      "version": "4.9.0",
      "resolved": "http://registry.npm.taobao.org/tape/download/tape-4.9.0.tgz",
      "dev": true,
      "dependencies": {
        "deep-equal": {
          "version": "http://registry.npm.taobao.org/deep-equal/download/deep-equal-1.0.1.tgz"
        },
        "defined": {
          "version": "http://registry.npm.taobao.org/defined/download/defined-1.0.0.tgz"
        },
        "for-each": {
          "version": "http://registry.npm.taobao.org/for-each/download/for-each-0.3.2.tgz"
        },
        "function-bind": {
          "version": "http://registry.npm.taobao.org/function-bind/download/function-bind-1.1.1.tgz"
        },
        "glob": {
          "version": "http://registry.npm.taobao.org/glob/download/glob-7.1.2.tgz",
          "dependencies": {
            "fs.realpath": {
              "version": "http://registry.npm.taobao.org/fs.realpath/download/fs.realpath-1.0.0.tgz"
            },
            "inflight": {
              "version": "http://registry.npm.taobao.org/inflight/download/inflight-1.0.6.tgz"
            },
            "inherits": {
              "version": "http://registry.npm.taobao.org/inherits/download/inherits-2.0.3.tgz"
            },
            "minimatch": {
              "version": "http://registry.npm.taobao.org/minimatch/download/minimatch-3.0.4.tgz"
            },
            "once": {
              "version": "http://registry.npm.taobao.org/once/download/once-1.4.0.tgz",
              "dependencies": {}
            },
            "path-is-absolute": {
              "version": "http://registry.npm.taobao.org/path-is-absolute/download/path-is-absolute-1.0.1.tgz"
            }
          }
        },
        "has": {
          "version": "http://registry.npm.taobao.org/has/download/has-1.0.1.tgz"
        },
        "inherits": {
          "version": "http://registry.npm.taobao.org/inherits/download/inherits-2.0.3.tgz"
        },
        "minimist": {
          "version": "http://registry.npm.taobao.org/minimist/download/minimist-1.2.0.tgz"
        },
        "object-inspect": {
          "version": "http://registry.npm.taobao.org/object-inspect/download/object-inspect-1.5.0.tgz"
        },
        "resolve": {
          "version": "http://registry.npm.taobao.org/resolve/download/resolve-1.5.0.tgz"
        },
        "resumer": {
          "version": "http://registry.npm.taobao.org/resumer/download/resumer-0.0.0.tgz"
        },
        "string.prototype.trim": {
          "version": "http://registry.npm.taobao.org/string.prototype.trim/download/string.prototype.trim-1.1.2.tgz",
          "dependencies": {
            "define-properties": {
              "version": "http://registry.npm.taobao.org/define-properties/download/define-properties-1.1.2.tgz",
              "bundled": true
            },
            "es-abstract": {
              "version": "http://registry.npm.taobao.org/es-abstract/download/es-abstract-1.11.0.tgz",
              "bundled": true,
              "dependencies": {
                "es-to-primitive": {
                  "version": "http://registry.npm.taobao.org/es-to-primitive/download/es-to-primitive-1.1.1.tgz"
                },
                "function-bind": {
                  "version": "http://registry.npm.taobao.org/function-bind/download/function-bind-1.1.1.tgz"
                },
                "has": {
                  "version": "http://registry.npm.taobao.org/has/download/has-1.0.1.tgz",
                  "dependencies": {
                    "function-bind": {
                      "version": "http://registry.npm.taobao.org/function-bind/download/function-bind-1.1.1.tgz"
                    }
                  }
                },
                "is-callable": {
                  "version": "http://registry.npm.taobao.org/is-callable/download/is-callable-1.1.3.tgz"
                },
                "is-regex": {
                  "version": "http://registry.npm.taobao.org/is-regex/download/is-regex-1.0.4.tgz"
                }
              }
            },
            "function-bind": {
              "version": "http://registry.npm.taobao.org/function-bind/download/function-bind-1.1.1.tgz",
              "bundled": true
            }
          }
        },
        "through": {
          "version": "http://registry.npm.taobao.org/through/download/through-2.3.8.tgz"
        }
      }
    },
    "uglify-js": {
      "version": "3.3.22",
      "resolved": "http://registry.npm.taobao.org/uglify-js/download/uglify-js-3.3.22.tgz",
      "dev": true,
      "dependencies": {
        "commander": {
          "version": "http://registry.npm.taobao.org/commander/download/commander-2.15.1.tgz"
        },
        "source-map": {
          "version": "http://registry.npm.taobao.org/source-map/download/source-map-0.6.1.tgz"
        }
      }
    },
    "vlq": {
      "version": "0.2.3",
      "resolved": "https://registry.npmjs.org/vlq/-/vlq-0.2.3.tgz",
      "integrity": "sha512-DRibZL6DsNhIgYQ+wNdWDL2SL3bKPlVrRiBqV5yuMm++op8W4kGFtaQfCs4KEJn0wBZcHVHJ3eoywX8983k1ow==",
      "dev": true
    }
  }
}
